// !$*UTF8*$!
{
	archiveVersion = 1;
	classes = {
	};
	objectVersion = 46;
	objects = {

/* Begin PBXBuildFile section */
		BF62507B23E1CC2E0095CEE3 /* README.md in Resources */ = {isa = PBXBuildFile; fileRef = BF62507A23E1CC2E0095CEE3 /* README.md */; };
		ED4E18721F57B6C7009BBD23 /* AppDelegate.swift in Sources */ = {isa = PBXBuildFile; fileRef = ED4E18711F57B6C7009BBD23 /* AppDelegate.swift */; };
		ED4E18741F57B6C7009BBD23 /* ViewController.swift in Sources */ = {isa = PBXBuildFile; fileRef = ED4E18731F57B6C7009BBD23 /* ViewController.swift */; };
		ED4E18771F57B6C7009BBD23 /* Main.storyboard in Resources */ = {isa = PBXBuildFile; fileRef = ED4E18751F57B6C7009BBD23 /* Main.storyboard */; };
		ED4E18791F57B6C7009BBD23 /* Assets.xcassets in Resources */ = {isa = PBXBuildFile; fileRef = ED4E18781F57B6C7009BBD23 /* Assets.xcassets */; };
		ED4E187C1F57B6C7009BBD23 /* LaunchScreen.storyboard in Resources */ = {isa = PBXBuildFile; fileRef = ED4E187A1F57B6C7009BBD23 /* LaunchScreen.storyboard */; };
		ED4E18841F57B8EC009BBD23 /* String+Extension.swift in Sources */ = {isa = PBXBuildFile; fileRef = ED4E18831F57B8EC009BBD23 /* String+Extension.swift */; };
		ED4E18861F57BC25009BBD23 /* Alert.swift in Sources */ = {isa = PBXBuildFile; fileRef = ED4E18851F57BC25009BBD23 /* Alert.swift */; };
/* End PBXBuildFile section */

/* Begin PBXFileReference section */
		BF62507A23E1CC2E0095CEE3 /* README.md */ = {isa = PBXFileReference; lastKnownFileType = net.daringfireball.markdown; path = README.md; sourceTree = "<group>"; };
		ED4E186E1F57B6C7009BBD23 /* DoTryCatch.app */ = {isa = PBXFileReference; explicitFileType = wrapper.application; includeInIndex = 0; path = DoTryCatch.app; sourceTree = BUILT_PRODUCTS_DIR; };
		ED4E18711F57B6C7009BBD23 /* AppDelegate.swift */ = {isa = PBXFileReference; lastKnownFileType = sourcecode.swift; path = AppDelegate.swift; sourceTree = "<group>"; };
		ED4E18731F57B6C7009BBD23 /* ViewController.swift */ = {isa = PBXFileReference; lastKnownFileType = sourcecode.swift; path = ViewController.swift; sourceTree = "<group>"; };
		ED4E18761F57B6C7009BBD23 /* Base */ = {isa = PBXFileReference; lastKnownFileType = file.storyboard; name = Base; path = Base.lproj/Main.storyboard; sourceTree = "<group>"; };
		ED4E18781F57B6C7009BBD23 /* Assets.xcassets */ = {isa = PBXFileReference; lastKnownFileType = folder.assetcatalog; path = Assets.xcassets; sourceTree = "<group>"; };
		ED4E187B1F57B6C7009BBD23 /* Base */ = {isa = PBXFileReference; lastKnownFileType = file.storyboard; name = Base; path = Base.lproj/LaunchScreen.storyboard; sourceTree = "<group>"; };
		ED4E187D1F57B6C7009BBD23 /* Info.plist */ = {isa = PBXFileReference; lastKnownFileType = text.plist.xml; path = Info.plist; sourceTree = "<group>"; };
		ED4E18831F57B8EC009BBD23 /* String+Extension.swift */ = {isa = PBXFileReference; fileEncoding = 4; lastKnownFileType = sourcecode.swift; path = "String+Extension.swift"; sourceTree = "<group>"; };
		ED4E18851F57BC25009BBD23 /* Alert.swift */ = {isa = PBXFileReference; fileEncoding = 4; lastKnownFileType = sourcecode.swift; path = Alert.swift; sourceTree = "<group>"; };
/* End PBXFileReference section */

/* Begin PBXFrameworksBuildPhase section */
		ED4E186B1F57B6C7009BBD23 /* Frameworks */ = {
			isa = PBXFrameworksBuildPhase;
			buildActionMask = 2147483647;
			files = (
			);
			runOnlyForDeploymentPostprocessing = 0;
		};
/* End PBXFrameworksBuildPhase section */

/* Begin PBXGroup section */
		ED4E18651F57B6C7009BBD23 = {
			isa = PBXGroup;
			children = (
				ED4E18701F57B6C7009BBD23 /* DoTryCatch */,
				ED4E186F1F57B6C7009BBD23 /* Products */,
			);
			sourceTree = "<group>";
		};
		ED4E186F1F57B6C7009BBD23 /* Products */ = {
			isa = PBXGroup;
			children = (
				ED4E186E1F57B6C7009BBD23 /* DoTryCatch.app */,
			);
			name = Products;
			sourceTree = "<group>";
		};
		ED4E18701F57B6C7009BBD23 /* DoTryCatch */ = {
			isa = PBXGroup;
			children = (
				BF62507A23E1CC2E0095CEE3 /* README.md */,
				ED4E18711F57B6C7009BBD23 /* AppDelegate.swift */,
				ED4E18731F57B6C7009BBD23 /* ViewController.swift */,
				ED4E18831F57B8EC009BBD23 /* String+Extension.swift */,
				ED4E18851F57BC25009BBD23 /* Alert.swift */,
				ED4E18751F57B6C7009BBD23 /* Main.storyboard */,
				ED4E18781F57B6C7009BBD23 /* Assets.xcassets */,
				ED4E187A1F57B6C7009BBD23 /* LaunchScreen.storyboard */,
				ED4E187D1F57B6C7009BBD23 /* Info.plist */,
			);
			path = DoTryCatch;
			sourceTree = "<group>";
		};
/* End PBXGroup section */

/* Begin PBXNativeTarget section */
		ED4E186D1F57B6C7009BBD23 /* DoTryCatch */ = {
			isa = PBXNativeTarget;
			buildConfigurationList = ED4E18801F57B6C7009BBD23 /* Build configuration list for PBXNativeTarget "DoTryCatch" */;
			buildPhases = (
				ED4E186A1F57B6C7009BBD23 /* Sources */,
				ED4E186B1F57B6C7009BBD23 /* Frameworks */,
				ED4E186C1F57B6C7009BBD23 /* Resources */,
			);
			buildRules = (
			);
			dependencies = (
			);
			name = DoTryCatch;
			productName = DoTryCatch;
			productReference = ED4E186E1F57B6C7009BBD23 /* DoTryCatch.app */;
			productType = "com.apple.product-type.application";
		};
/* End PBXNativeTarget section */

/* Begin PBXProject section */
		ED4E18661F57B6C7009BBD23 /* Project object */ = {
			isa = PBXProject;
			attributes = {
				LastSwiftUpdateCheck = 0830;
				LastUpgradeCheck = 1100;
				ORGANIZATIONNAME = "Sean Allen";
				TargetAttributes = {
					ED4E186D1F57B6C7009BBD23 = {
						CreatedOnToolsVersion = 8.3.3;
						DevelopmentTeam = H69U55MWXW;
						ProvisioningStyle = Automatic;
					};
				};
			};
			buildConfigurationList = ED4E18691F57B6C7009BBD23 /* Build configuration list for PBXProject "DoTryCatch" */;
			compatibilityVersion = "Xcode 3.2";
			developmentRegion = en;
			hasScannedForEncodings = 0;
			knownRegions = (
				en,
				Base,
			);
			mainGroup = ED4E18651F57B6C7009BBD23;
			productRefGroup = ED4E186F1F57B6C7009BBD23 /* Products */;
			projectDirPath = "";
			projectRoot = "";
			targets = (
				ED4E186D1F57B6C7009BBD23 /* DoTryCatch */,
			);
		};
/* End PBXProject section */

/* Begin PBXResourcesBuildPhase section */
		ED4E186C1F57B6C7009BBD23 /* Resources */ = {
			isa = PBXResourcesBuildPhase;
			buildActionMask = 2147483647;
			files = (
				ED4E187C1F57B6C7009BBD23 /* LaunchScreen.storyboard in Resources */,
				ED4E18791F57B6C7009BBD23 /* Assets.xcassets in Resources */,
				BF62507B23E1CC2E0095CEE3 /* README.md in Resources */,
				ED4E18771F57B6C7009BBD23 /* Main.storyboard in Resources */,
			);
			runOnlyForDeploymentPostprocessing = 0;
		};
/* End PBXResourcesBuildPhase section */

/* Begin PBXSourcesBuildPhase section */
		ED4E186A1F57B6C7009BBD23 /* Sources */ = {
			isa = PBXSourcesBuildPhase;
			buildActionMask = 2147483647;
			files = (
				ED4E18741F57B6C7009BBD23 /* ViewController.swift in Sources */,
				ED4E18841F57B8EC009BBD23 /* String+Extension.swift in Sources */,
				ED4E18861F57BC25009BBD23 /* Alert.swift in Sources */,
				ED4E18721F57B6C7009BBD23 /* AppDelegate.swift in Sources */,
			);
			runOnlyForDeploymentPostprocessing = 0;
		};
/* End PBXSourcesBuildPhase section */

/* Begin PBXVariantGroup section */
		ED4E18751F57B6C7009BBD23 /* Main.storyboard */ = {
			isa = PBXVariantGroup;
			children = (
				ED4E18761F57B6C7009BBD23 /* Base */,
			);
			name = Main.storyboard;
			sourceTree = "<group>";
		};
		ED4E187A1F57B6C7009BBD23 /* LaunchScreen.storyboard */ = {
			isa = PBXVariantGroup;
			children = (
				ED4E187B1F57B6C7009BBD23 /* Base */,
			);
			name = LaunchScreen.storyboard;
			sourceTree = "<group>";
		};
/* End PBXVariantGroup section */

/* Begin XCBuildConfiguration section */
		ED4E187E1F57B6C7009BBD23 /* Debug */ = {
			isa = XCBuildConfiguration;
			buildSettings = {
				ALWAYS_SEARCH_USER_PATHS = NO;
				CLANG_ANALYZER_NONNULL = YES;
				CLANG_ANALYZER_NUMBER_OBJECT_CONVERSION = YES_AGGRESSIVE;
				CLANG_CXX_LANGUAGE_STANDARD = "gnu++0x";
				CLANG_CXX_LIBRARY = "libc++";
				CLANG_ENABLE_MODULES = YES;
				CLANG_ENABLE_OBJC_ARC = YES;
				CLANG_WARN_BLOCK_CAPTURE_AUTORELEASING = YES;
				CLANG_WARN_BOOL_CONVERSION = YES;
				CLANG_WARN_COMMA = YES;
				CLANG_WARN_CONSTANT_CONVERSION = YES;
				CLANG_WARN_DEPRECATED_OBJC_IMPLEMENTATIONS = YES;
				CLANG_WARN_DIRECT_OBJC_ISA_USAGE = YES_ERROR;
				CLANG_WARN_DOCUMENTATION_COMMENTS = YES;
				CLANG_WARN_EMPTY_BODY = YES;
				CLANG_WARN_ENUM_CONVERSION = YES;
				CLANG_WARN_INFINITE_RECURSION = YES;
				CLANG_WARN_INT_CONVERSION = YES;
				CLANG_WARN_NON_LITERAL_NULL_CONVERSION = YES;
				CLANG_WARN_OBJC_IMPLICIT_RETAIN_SELF = YES;
				CLANG_WARN_OBJC_LITERAL_CONVERSION = YES;
				CLANG_WARN_OBJC_ROOT_CLASS = YES_ERROR;
				CLANG_WARN_RANGE_LOOP_ANALYSIS = YES;
				CLANG_WARN_STRICT_PROTOTYPES = YES;
				CLANG_WARN_SUSPICIOUS_MOVE = YES;
				CLANG_WARN_UNREACHABLE_CODE = YES;
				CLANG_WARN__DUPLICATE_METHOD_MATCH = YES;
				"CODE_SIGN_IDENTITY[sdk=iphoneos*]" = "iPhone Developer";
				COPY_PHASE_STRIP = NO;
				DEBUG_INFORMATION_FORMAT = dwarf;
				ENABLE_STRICT_OBJC_MSGSEND = YES;
				ENABLE_TESTABILITY = YES;
				GCC_C_LANGUAGE_STANDARD = gnu99;
				GCC_DYNAMIC_NO_PIC = NO;
				GCC_NO_COMMON_BLOCKS = YES;
				GCC_OPTIMIZATION_LEVEL = 0;
				GCC_PREPROCESSOR_DEFINITIONS = (
					"DEBUG=1",
					"$(inherited)",
				);
				GCC_WARN_64_TO_32_BIT_CONVERSION = YES;
				GCC_WARN_ABOUT_RETURN_TYPE = YES_ERROR;
				GCC_WARN_UNDECLARED_SELECTOR = YES;
				GCC_WARN_UNINITIALIZED_AUTOS = YES_AGGRESSIVE;
				GCC_WARN_UNUSED_FUNCTION = YES;
				GCC_WARN_UNUSED_VARIABLE = YES;
				IPHONEOS_DEPLOYMENT_TARGET = 10.3;
				MTL_ENABLE_DEBUG_INFO = YES;
				ONLY_ACTIVE_ARCH = YES;
				SDKROOT = iphoneos;
				SWIFT_ACTIVE_COMPILATION_CONDITIONS = DEBUG;
				SWIFT_OPTIMIZATION_LEVEL = "-Onone";
				TARGETED_DEVICE_FAMILY = "1,2";
			};
			name = Debug;
		};
		ED4E187F1F57B6C7009BBD23 /* Release */ = {
			isa = XCBuildConfiguration;
			buildSettings = {
				ALWAYS_SEARCH_USER_PATHS = NO;
				CLANG_ANALYZER_NONNULL = YES;
				CLANG_ANALYZER_NUMBER_OBJECT_CONVERSION = YES_AGGRESSIVE;
				CLANG_CXX_LANGUAGE_STANDARD = "gnu++0x";
				CLANG_CXX_LIBRARY = "libc++";
				CLANG_ENABLE_MODULES = YES;
				CLANG_ENABLE_OBJC_ARC = YES;
				CLANG_WARN_BLOCK_CAPTURE_AUTORELEASING = YES;
				CLANG_WARN_BOOL_CONVERSION = YES;
				CLANG_WARN_COMMA = YES;
				CLANG_WARN_CONSTANT_CONVERSION = YES;
				CLANG_WARN_DEPRECATED_OBJC_IMPLEMENTATIONS = YES;
				CLANG_WARN_DIRECT_OBJC_ISA_USAGE = YES_ERROR;
				CLANG_WARN_DOCUMENTATION_COMMENTS = YES;
				CLANG_WARN_EMPTY_BODY = YES;
				CLANG_WARN_ENUM_CONVERSION = YES;
				CLANG_WARN_INFINITE_RECURSION = YES;
				CLANG_WARN_INT_CONVERSION = YES;
				CLANG_WARN_NON_LITERAL_NULL_CONVERSION = YES;
				CLANG_WARN_OBJC_IMPLICIT_RETAIN_SELF = YES;
				CLANG_WARN_OBJC_LITERAL_CONVERSION = YES;
				CLANG_WARN_OBJC_ROOT_CLASS = YES_ERROR;
				CLANG_WARN_RANGE_LOOP_ANALYSIS = YES;
				CLANG_WARN_STRICT_PROTOTYPES = YES;
				CLANG_WARN_SUSPICIOUS_MOVE = YES;
				CLANG_WARN_UNREACHABLE_CODE = YES;
				CLANG_WARN__DUPLICATE_METHOD_MATCH = YES;
				"CODE_SIGN_IDENTITY[sdk=iphoneos*]" = "iPhone Developer";
				COPY_PHASE_STRIP = NO;
				DEBUG_INFORMATION_FORMAT = "dwarf-with-dsym";
				ENABLE_NS_ASSERTIONS = NO;
				ENABLE_STRICT_OBJC_MSGSEND = YES;
				GCC_C_LANGUAGE_STANDARD = gnu99;
				GCC_NO_COMMON_BLOCKS = YES;
				GCC_WARN_64_TO_32_BIT_CONVERSION = YES;
				GCC_WARN_ABOUT_RETURN_TYPE = YES_ERROR;
				GCC_WARN_UNDECLARED_SELECTOR = YES;
				GCC_WARN_UNINITIALIZED_AUTOS = YES_AGGRESSIVE;
				GCC_WARN_UNUSED_FUNCTION = YES;
				GCC_WARN_UNUSED_VARIABLE = YES;
				IPHONEOS_DEPLOYMENT_TARGET = 10.3;
				MTL_ENABLE_DEBUG_INFO = NO;
				SDKROOT = iphoneos;
				SWIFT_OPTIMIZATION_LEVEL = "-Owholemodule";
				TARGETED_DEVICE_FAMILY = "1,2";
				VALIDATE_PRODUCT = YES;
			};
			name = Release;
		};
		ED4E18811F57B6C7009BBD23 /* Debug */ = {
			isa = XCBuildConfiguration;
			buildSettings = {
				ASSETCATALOG_COMPILER_APPICON_NAME = AppIcon;
				DEVELOPMENT_TEAM = H69U55MWXW;
				INFOPLIST_FILE = DoTryCatch/Info.plist;
				LD_RUNPATH_SEARCH_PATHS = "$(inherited) @executable_path/Frameworks";
				PRODUCT_BUNDLE_IDENTIFIER = co.seanallen.DoTryCatch;
				PRODUCT_NAME = "$(TARGET_NAME)";
				SWIFT_VERSION = 5.0;
			};
			name = Debug;
		};
		ED4E18821F57B6C7009BBD23 /* Release */ = {
			isa = XCBuildConfiguration;
			buildSettings = {
				ASSETCATALOG_COMPILER_APPICON_NAME = AppIcon;
				DEVELOPMENT_TEAM = H69U55MWXW;
				INFOPLIST_FILE = DoTryCatch/Info.plist;
				LD_RUNPATH_SEARCH_PATHS = "$(inherited) @executable_path/Frameworks";
				PRODUCT_BUNDLE_IDENTIFIER = co.seanallen.DoTryCatch;
				PRODUCT_NAME = "$(TARGET_NAME)";
				SWIFT_VERSION = 5.0;
			};
			name = Release;
		};
/* End XCBuildConfiguration section */

/* Begin XCConfigurationList section */
		ED4E18691F57B6C7009BBD23 /* Build configuration list for PBXProject "DoTryCatch" */ = {
			isa = XCConfigurationList;
			buildConfigurations = (
				ED4E187E1F57B6C7009BBD23 /* Debug */,
				ED4E187F1F57B6C7009BBD23 /* Release */,
			);
			defaultConfigurationIsVisible = 0;
			defaultConfigurationName = Release;
		};
		ED4E18801F57B6C7009BBD23 /* Build configuration list for PBXNativeTarget "DoTryCatch" */ = {
			isa = XCConfigurationList;
			buildConfigurations = (
				ED4E18811F57B6C7009BBD23 /* Debug */,
				ED4E18821F57B6C7009BBD23 /* Release */,
			);
			defaultConfigurationIsVisible = 0;
			defaultConfigurationName = Release;
		};
/* End XCConfigurationList section */
	};
	rootObject = ED4E18661F57B6C7009BBD23 /* Project object */;
}
